
Microsoft Visual Studio Solution File, Format Version 11.00
# Visual Studio 2010
Project("{FAE04EC0-301F-11D3-BF4B-00C04F79EFBC}") = "stoploss-kata", "stoploss\stoploss-kata.csproj", "{6789651B-5E51-4792-BE51-4BC473231498}"
EndProject
Global
	GlobalSection(SolutionConfigurationPlatforms) = preSolution
		Debug|Any CPU = Debug|Any CPU
		Release|Any CPU = Release|Any CPU
	EndGlobalSection
	GlobalSection(ProjectConfigurationPlatforms) = postSolution
		{6789651B-5E51-4792-BE51-4BC473231498}.Debug|Any CPU.ActiveCfg = Debug|Any CPU
		{6789651B-5E51-4792-BE51-4BC473231498}.Debug|Any CPU.Build.0 = Debug|Any CPU
		{6789651B-5E51-4792-BE51-4BC473231498}.Release|Any CPU.ActiveCfg = Release|Any CPU
		{6789651B-5E51-4792-BE51-4BC473231498}.Release|Any CPU.Build.0 = Release|Any CPU
	EndGlobalSection
	GlobalSection(SolutionProperties) = preSolution
		HideSolutionNode = FALSE
	EndGlobalSection
EndGlobal
