
Microsoft Visual Studio Solution File, Format Version 12.00
# Visual Studio 2012
Project("{FAE04EC0-301F-11D3-BF4B-00C04F79EFBC}") = "stoploss-kata", "stoploss\stoploss-kata.csproj", "{6789651B-5E51-4792-BE51-4BC473231498}"
EndProject
Project("{FAE04EC0-301F-11D3-BF4B-00C04F79EFBC}") = "tutorials", "tutorials\tutorials.csproj", "{B90F6DEA-4C75-49A2-BC53-D73AA1A80C06}"
	ProjectSection(ProjectDependencies) = postProject
		{E16F1D72-C4FD-4959-B583-5EFAC3C7641D} = {E16F1D72-C4FD-4959-B583-5EFAC3C7641D}
		{AF9DFC85-4D40-444E-B499-53CF523E2004} = {AF9DFC85-4D40-444E-B499-53CF523E2004}
	EndProjectSection
EndProject
Project("{FAE04EC0-301F-11D3-BF4B-00C04F79EFBC}") = "JustOne", "JustOne\JustOne.csproj", "{AF9DFC85-4D40-444E-B499-53CF523E2004}"
EndProject
Project("{FAE04EC0-301F-11D3-BF4B-00C04F79EFBC}") = "SagaConsole", "SagaConsole\SagaConsole.csproj", "{9219C55B-B5EF-45E2-8F9B-F7ABBCBD7DD8}"
EndProject
Project("{FAE04EC0-301F-11D3-BF4B-00C04F79EFBC}") = "Garbage", "Garbage\Garbage.csproj", "{94179049-72A7-4AC6-B622-67CE9727FA66}"
EndProject
Project("{FAE04EC0-301F-11D3-BF4B-00C04F79EFBC}") = "Testing101", "Testing101\Testing101.csproj", "{66C45E8C-52F0-41CE-9ADF-C4FE7C51077D}"
EndProject
Project("{FAE04EC0-301F-11D3-BF4B-00C04F79EFBC}") = "Dinner", "Dinner\Dinner.csproj", "{2E68735F-0CF4-4072-8FA6-45B814E5C825}"
EndProject
Project("{FAE04EC0-301F-11D3-BF4B-00C04F79EFBC}") = "WindowsFormsApplication1", "WindowsFormsApplication1\WindowsFormsApplication1.csproj", "{982DCA57-B271-43CE-B1F5-878CD6005753}"
EndProject
Project("{FAE04EC0-301F-11D3-BF4B-00C04F79EFBC}") = "ServiceStackDemo", "ServiceStackDemo\ServiceStackDemo.csproj", "{D808A9F3-E323-4633-949B-53BE3F1D237A}"
EndProject
Project("{FAE04EC0-301F-11D3-BF4B-00C04F79EFBC}") = "NamedPipeClient", "NamedPipeClient\NamedPipeClient.csproj", "{E16F1D72-C4FD-4959-B583-5EFAC3C7641D}"
EndProject
Project("{2150E333-8FDC-42A3-9474-1A3956D46DE8}") = "cs-tutorials", "cs-tutorials", "{320CEAD1-F283-4166-BEA9-C6E0752546F6}"
EndProject
Project("{2150E333-8FDC-42A3-9474-1A3956D46DE8}") = "advanced-cqrs", "advanced-cqrs", "{52A9ACC3-FDB3-4D7A-AFA9-E20C90CB9DA4}"
EndProject
Global
	GlobalSection(SolutionConfigurationPlatforms) = preSolution
		Debug|Any CPU = Debug|Any CPU
		Debug|x86 = Debug|x86
		Release|Any CPU = Release|Any CPU
		Release|x86 = Release|x86
	EndGlobalSection
	GlobalSection(ProjectConfigurationPlatforms) = postSolution
		{6789651B-5E51-4792-BE51-4BC473231498}.Debug|Any CPU.ActiveCfg = Debug|Any CPU
		{6789651B-5E51-4792-BE51-4BC473231498}.Debug|Any CPU.Build.0 = Debug|Any CPU
		{6789651B-5E51-4792-BE51-4BC473231498}.Debug|x86.ActiveCfg = Debug|Any CPU
		{6789651B-5E51-4792-BE51-4BC473231498}.Release|Any CPU.ActiveCfg = Release|Any CPU
		{6789651B-5E51-4792-BE51-4BC473231498}.Release|Any CPU.Build.0 = Release|Any CPU
		{6789651B-5E51-4792-BE51-4BC473231498}.Release|x86.ActiveCfg = Release|Any CPU
		{B90F6DEA-4C75-49A2-BC53-D73AA1A80C06}.Debug|Any CPU.ActiveCfg = Debug|Any CPU
		{B90F6DEA-4C75-49A2-BC53-D73AA1A80C06}.Debug|Any CPU.Build.0 = Debug|Any CPU
		{B90F6DEA-4C75-49A2-BC53-D73AA1A80C06}.Debug|x86.ActiveCfg = Debug|Any CPU
		{B90F6DEA-4C75-49A2-BC53-D73AA1A80C06}.Release|Any CPU.ActiveCfg = Release|Any CPU
		{B90F6DEA-4C75-49A2-BC53-D73AA1A80C06}.Release|Any CPU.Build.0 = Release|Any CPU
		{B90F6DEA-4C75-49A2-BC53-D73AA1A80C06}.Release|x86.ActiveCfg = Release|Any CPU
		{AF9DFC85-4D40-444E-B499-53CF523E2004}.Debug|Any CPU.ActiveCfg = Debug|Any CPU
		{AF9DFC85-4D40-444E-B499-53CF523E2004}.Debug|Any CPU.Build.0 = Debug|Any CPU
		{AF9DFC85-4D40-444E-B499-53CF523E2004}.Debug|x86.ActiveCfg = Debug|Any CPU
		{AF9DFC85-4D40-444E-B499-53CF523E2004}.Release|Any CPU.ActiveCfg = Release|Any CPU
		{AF9DFC85-4D40-444E-B499-53CF523E2004}.Release|Any CPU.Build.0 = Release|Any CPU
		{AF9DFC85-4D40-444E-B499-53CF523E2004}.Release|x86.ActiveCfg = Release|Any CPU
		{9219C55B-B5EF-45E2-8F9B-F7ABBCBD7DD8}.Debug|Any CPU.ActiveCfg = Debug|Any CPU
		{9219C55B-B5EF-45E2-8F9B-F7ABBCBD7DD8}.Debug|Any CPU.Build.0 = Debug|Any CPU
		{9219C55B-B5EF-45E2-8F9B-F7ABBCBD7DD8}.Debug|x86.ActiveCfg = Debug|Any CPU
		{9219C55B-B5EF-45E2-8F9B-F7ABBCBD7DD8}.Release|Any CPU.ActiveCfg = Release|Any CPU
		{9219C55B-B5EF-45E2-8F9B-F7ABBCBD7DD8}.Release|Any CPU.Build.0 = Release|Any CPU
		{9219C55B-B5EF-45E2-8F9B-F7ABBCBD7DD8}.Release|x86.ActiveCfg = Release|Any CPU
		{94179049-72A7-4AC6-B622-67CE9727FA66}.Debug|Any CPU.ActiveCfg = Debug|Any CPU
		{94179049-72A7-4AC6-B622-67CE9727FA66}.Debug|Any CPU.Build.0 = Debug|Any CPU
		{94179049-72A7-4AC6-B622-67CE9727FA66}.Debug|x86.ActiveCfg = Debug|Any CPU
		{94179049-72A7-4AC6-B622-67CE9727FA66}.Release|Any CPU.ActiveCfg = Release|Any CPU
		{94179049-72A7-4AC6-B622-67CE9727FA66}.Release|Any CPU.Build.0 = Release|Any CPU
		{94179049-72A7-4AC6-B622-67CE9727FA66}.Release|x86.ActiveCfg = Release|Any CPU
		{66C45E8C-52F0-41CE-9ADF-C4FE7C51077D}.Debug|Any CPU.ActiveCfg = Debug|Any CPU
		{66C45E8C-52F0-41CE-9ADF-C4FE7C51077D}.Debug|Any CPU.Build.0 = Debug|Any CPU
		{66C45E8C-52F0-41CE-9ADF-C4FE7C51077D}.Debug|x86.ActiveCfg = Debug|Any CPU
		{66C45E8C-52F0-41CE-9ADF-C4FE7C51077D}.Release|Any CPU.ActiveCfg = Release|Any CPU
		{66C45E8C-52F0-41CE-9ADF-C4FE7C51077D}.Release|Any CPU.Build.0 = Release|Any CPU
		{66C45E8C-52F0-41CE-9ADF-C4FE7C51077D}.Release|x86.ActiveCfg = Release|Any CPU
		{2E68735F-0CF4-4072-8FA6-45B814E5C825}.Debug|Any CPU.ActiveCfg = Debug|Any CPU
		{2E68735F-0CF4-4072-8FA6-45B814E5C825}.Debug|Any CPU.Build.0 = Debug|Any CPU
		{2E68735F-0CF4-4072-8FA6-45B814E5C825}.Debug|x86.ActiveCfg = Debug|Any CPU
		{2E68735F-0CF4-4072-8FA6-45B814E5C825}.Release|Any CPU.ActiveCfg = Release|Any CPU
		{2E68735F-0CF4-4072-8FA6-45B814E5C825}.Release|Any CPU.Build.0 = Release|Any CPU
		{2E68735F-0CF4-4072-8FA6-45B814E5C825}.Release|x86.ActiveCfg = Release|Any CPU
		{982DCA57-B271-43CE-B1F5-878CD6005753}.Debug|Any CPU.ActiveCfg = Debug|Any CPU
		{982DCA57-B271-43CE-B1F5-878CD6005753}.Debug|Any CPU.Build.0 = Debug|Any CPU
		{982DCA57-B271-43CE-B1F5-878CD6005753}.Debug|x86.ActiveCfg = Debug|Any CPU
		{982DCA57-B271-43CE-B1F5-878CD6005753}.Release|Any CPU.ActiveCfg = Release|Any CPU
		{982DCA57-B271-43CE-B1F5-878CD6005753}.Release|Any CPU.Build.0 = Release|Any CPU
		{982DCA57-B271-43CE-B1F5-878CD6005753}.Release|x86.ActiveCfg = Release|Any CPU
		{D808A9F3-E323-4633-949B-53BE3F1D237A}.Debug|Any CPU.ActiveCfg = Debug|Any CPU
		{D808A9F3-E323-4633-949B-53BE3F1D237A}.Debug|Any CPU.Build.0 = Debug|Any CPU
		{D808A9F3-E323-4633-949B-53BE3F1D237A}.Debug|x86.ActiveCfg = Debug|Any CPU
		{D808A9F3-E323-4633-949B-53BE3F1D237A}.Release|Any CPU.ActiveCfg = Release|Any CPU
		{D808A9F3-E323-4633-949B-53BE3F1D237A}.Release|Any CPU.Build.0 = Release|Any CPU
		{D808A9F3-E323-4633-949B-53BE3F1D237A}.Release|x86.ActiveCfg = Release|Any CPU
		{E16F1D72-C4FD-4959-B583-5EFAC3C7641D}.Debug|Any CPU.ActiveCfg = Debug|Any CPU
		{E16F1D72-C4FD-4959-B583-5EFAC3C7641D}.Debug|Any CPU.Build.0 = Debug|Any CPU
		{E16F1D72-C4FD-4959-B583-5EFAC3C7641D}.Debug|x86.ActiveCfg = Debug|Any CPU
		{E16F1D72-C4FD-4959-B583-5EFAC3C7641D}.Release|Any CPU.ActiveCfg = Release|Any CPU
		{E16F1D72-C4FD-4959-B583-5EFAC3C7641D}.Release|Any CPU.Build.0 = Release|Any CPU
		{E16F1D72-C4FD-4959-B583-5EFAC3C7641D}.Release|x86.ActiveCfg = Release|Any CPU
	EndGlobalSection
	GlobalSection(SolutionProperties) = preSolution
		HideSolutionNode = FALSE
	EndGlobalSection
	GlobalSection(NestedProjects) = preSolution
		{B90F6DEA-4C75-49A2-BC53-D73AA1A80C06} = {320CEAD1-F283-4166-BEA9-C6E0752546F6}
		{E16F1D72-C4FD-4959-B583-5EFAC3C7641D} = {320CEAD1-F283-4166-BEA9-C6E0752546F6}
		{AF9DFC85-4D40-444E-B499-53CF523E2004} = {320CEAD1-F283-4166-BEA9-C6E0752546F6}
		{2E68735F-0CF4-4072-8FA6-45B814E5C825} = {52A9ACC3-FDB3-4D7A-AFA9-E20C90CB9DA4}
		{982DCA57-B271-43CE-B1F5-878CD6005753} = {52A9ACC3-FDB3-4D7A-AFA9-E20C90CB9DA4}
	EndGlobalSection
EndGlobal
